// !$*UTF8*$!
{
	archiveVersion = 1;
	classes = {
	};
	objectVersion = 46;
	objects = {

/* Begin PBXBuildFile section */
		1A7F096B19FA0291000E9ECB /* main.m in Sources */ = {isa = PBXBuildFile; fileRef = 1A7F096A19FA0291000E9ECB /* main.m */; };
		1A7F096E19FA0291000E9ECB /* AppDelegate.m in Sources */ = {isa = PBXBuildFile; fileRef = 1A7F096D19FA0291000E9ECB /* AppDelegate.m */; };
		1A7F097119FA0292000E9ECB /* ViewController.m in Sources */ = {isa = PBXBuildFile; fileRef = 1A7F097019FA0292000E9ECB /* ViewController.m */; };
		1A7F097419FA0292000E9ECB /* Main.storyboard in Resources */ = {isa = PBXBuildFile; fileRef = 1A7F097219FA0292000E9ECB /* Main.storyboard */; };
		1A7F097619FA0292000E9ECB /* Images.xcassets in Resources */ = {isa = PBXBuildFile; fileRef = 1A7F097519FA0292000E9ECB /* Images.xcassets */; };
		1A7F097919FA0292000E9ECB /* LaunchScreen.xib in Resources */ = {isa = PBXBuildFile; fileRef = 1A7F097719FA0292000E9ECB /* LaunchScreen.xib */; };
		1A7F098519FA0292000E9ECB /* LoadingKitTests.m in Sources */ = {isa = PBXBuildFile; fileRef = 1A7F098419FA0292000E9ECB /* LoadingKitTests.m */; };
		1A7F099419FA02F8000E9ECB /* LoadingView.swift in Sources */ = {isa = PBXBuildFile; fileRef = 1A7F099319FA02F8000E9ECB /* LoadingView.swift */; };
		1A7F099C19FA21A9000E9ECB /* LoadingKit.m in Sources */ = {isa = PBXBuildFile; fileRef = 1A7F099B19FA21A9000E9ECB /* LoadingKit.m */; };
/* End PBXBuildFile section */

/* Begin PBXContainerItemProxy section */
		1A7F097F19FA0292000E9ECB /* PBXContainerItemProxy */ = {
			isa = PBXContainerItemProxy;
			containerPortal = 1A7F095D19FA0291000E9ECB /* Project object */;
			proxyType = 1;
			remoteGlobalIDString = 1A7F096419FA0291000E9ECB;
			remoteInfo = TestPaintCodeStyleKit;
		};
/* End PBXContainerItemProxy section */

/* Begin PBXFileReference section */
		1A7F096519FA0291000E9ECB /* LoadingKit.app */ = {isa = PBXFileReference; explicitFileType = wrapper.application; includeInIndex = 0; path = LoadingKit.app; sourceTree = BUILT_PRODUCTS_DIR; };
		1A7F096919FA0291000E9ECB /* Info.plist */ = {isa = PBXFileReference; lastKnownFileType = text.plist.xml; path = Info.plist; sourceTree = "<group>"; };
		1A7F096A19FA0291000E9ECB /* main.m */ = {isa = PBXFileReference; lastKnownFileType = sourcecode.c.objc; path = main.m; sourceTree = "<group>"; };
		1A7F096C19FA0291000E9ECB /* AppDelegate.h */ = {isa = PBXFileReference; lastKnownFileType = sourcecode.c.h; path = AppDelegate.h; sourceTree = "<group>"; };
		1A7F096D19FA0291000E9ECB /* AppDelegate.m */ = {isa = PBXFileReference; lastKnownFileType = sourcecode.c.objc; path = AppDelegate.m; sourceTree = "<group>"; };
		1A7F096F19FA0291000E9ECB /* ViewController.h */ = {isa = PBXFileReference; lastKnownFileType = sourcecode.c.h; path = ViewController.h; sourceTree = "<group>"; };
		1A7F097019FA0292000E9ECB /* ViewController.m */ = {isa = PBXFileReference; lastKnownFileType = sourcecode.c.objc; path = ViewController.m; sourceTree = "<group>"; };
		1A7F097319FA0292000E9ECB /* Base */ = {isa = PBXFileReference; lastKnownFileType = file.storyboard; name = Base; path = Base.lproj/Main.storyboard; sourceTree = "<group>"; };
		1A7F097519FA0292000E9ECB /* Images.xcassets */ = {isa = PBXFileReference; lastKnownFileType = folder.assetcatalog; path = Images.xcassets; sourceTree = "<group>"; };
		1A7F097819FA0292000E9ECB /* Base */ = {isa = PBXFileReference; lastKnownFileType = file.xib; name = Base; path = Base.lproj/LaunchScreen.xib; sourceTree = "<group>"; };
		1A7F097E19FA0292000E9ECB /* LoadingKitTests.xctest */ = {isa = PBXFileReference; explicitFileType = wrapper.cfbundle; includeInIndex = 0; path = LoadingKitTests.xctest; sourceTree = BUILT_PRODUCTS_DIR; };
		1A7F098319FA0292000E9ECB /* Info.plist */ = {isa = PBXFileReference; lastKnownFileType = text.plist.xml; path = Info.plist; sourceTree = "<group>"; };
		1A7F098419FA0292000E9ECB /* LoadingKitTests.m */ = {isa = PBXFileReference; lastKnownFileType = sourcecode.c.objc; path = LoadingKitTests.m; sourceTree = "<group>"; };
		1A7F099219FA02F8000E9ECB /* LoadingKit-Bridging-Header.h */ = {isa = PBXFileReference; lastKnownFileType = sourcecode.c.h; path = "LoadingKit-Bridging-Header.h"; sourceTree = "<group>"; };
		1A7F099319FA02F8000E9ECB /* LoadingView.swift */ = {isa = PBXFileReference; fileEncoding = 4; lastKnownFileType = sourcecode.swift; path = LoadingView.swift; sourceTree = "<group>"; };
		1A7F099A19FA21A9000E9ECB /* LoadingKit.h */ = {isa = PBXFileReference; fileEncoding = 4; lastKnownFileType = sourcecode.c.h; path = LoadingKit.h; sourceTree = "<group>"; };
		1A7F099B19FA21A9000E9ECB /* LoadingKit.m */ = {isa = PBXFileReference; fileEncoding = 4; lastKnownFileType = sourcecode.c.objc; path = LoadingKit.m; sourceTree = "<group>"; };
/* End PBXFileReference section */

/* Begin PBXFrameworksBuildPhase section */
		1A7F096219FA0291000E9ECB /* Frameworks */ = {
			isa = PBXFrameworksBuildPhase;
			buildActionMask = 2147483647;
			files = (
			);
			runOnlyForDeploymentPostprocessing = 0;
		};
		1A7F097B19FA0292000E9ECB /* Frameworks */ = {
			isa = PBXFrameworksBuildPhase;
			buildActionMask = 2147483647;
			files = (
			);
			runOnlyForDeploymentPostprocessing = 0;
		};
/* End PBXFrameworksBuildPhase section */

/* Begin PBXGroup section */
		1A7F095C19FA0291000E9ECB = {
			isa = PBXGroup;
			children = (
				1A7F098E19FA02AC000E9ECB /* StyleKit */,
				1A7F096719FA0291000E9ECB /* LoadingKit */,
				1A7F098119FA0292000E9ECB /* LoadingKitTests */,
				1A7F096619FA0291000E9ECB /* Products */,
			);
			sourceTree = "<group>";
		};
		1A7F096619FA0291000E9ECB /* Products */ = {
			isa = PBXGroup;
			children = (
				1A7F096519FA0291000E9ECB /* LoadingKit.app */,
				1A7F097E19FA0292000E9ECB /* LoadingKitTests.xctest */,
			);
			name = Products;
			sourceTree = "<group>";
		};
		1A7F096719FA0291000E9ECB /* LoadingKit */ = {
			isa = PBXGroup;
			children = (
				1A7F096C19FA0291000E9ECB /* AppDelegate.h */,
				1A7F096D19FA0291000E9ECB /* AppDelegate.m */,
				1A7F096F19FA0291000E9ECB /* ViewController.h */,
				1A7F097019FA0292000E9ECB /* ViewController.m */,
				1A7F097219FA0292000E9ECB /* Main.storyboard */,
				1A7F097519FA0292000E9ECB /* Images.xcassets */,
				1A7F097719FA0292000E9ECB /* LaunchScreen.xib */,
				1A7F096819FA0291000E9ECB /* Supporting Files */,
				1A7F099319FA02F8000E9ECB /* LoadingView.swift */,
				1A7F099219FA02F8000E9ECB /* LoadingKit-Bridging-Header.h */,
			);
			path = LoadingKit;
			sourceTree = "<group>";
		};
		1A7F096819FA0291000E9ECB /* Supporting Files */ = {
			isa = PBXGroup;
			children = (
				1A7F096919FA0291000E9ECB /* Info.plist */,
				1A7F096A19FA0291000E9ECB /* main.m */,
			);
			name = "Supporting Files";
			sourceTree = "<group>";
		};
		1A7F098119FA0292000E9ECB /* LoadingKitTests */ = {
			isa = PBXGroup;
			children = (
				1A7F098419FA0292000E9ECB /* LoadingKitTests.m */,
				1A7F098219FA0292000E9ECB /* Supporting Files */,
			);
			path = LoadingKitTests;
			sourceTree = "<group>";
		};
		1A7F098219FA0292000E9ECB /* Supporting Files */ = {
			isa = PBXGroup;
			children = (
				1A7F098319FA0292000E9ECB /* Info.plist */,
			);
			name = "Supporting Files";
			sourceTree = "<group>";
		};
		1A7F098E19FA02AC000E9ECB /* StyleKit */ = {
			isa = PBXGroup;
			children = (
				1A7F099A19FA21A9000E9ECB /* LoadingKit.h */,
				1A7F099B19FA21A9000E9ECB /* LoadingKit.m */,
			);
			path = StyleKit;
			sourceTree = "<group>";
		};
/* End PBXGroup section */

/* Begin PBXNativeTarget section */
		1A7F096419FA0291000E9ECB /* LoadingKit */ = {
			isa = PBXNativeTarget;
			buildConfigurationList = 1A7F098819FA0292000E9ECB /* Build configuration list for PBXNativeTarget "LoadingKit" */;
			buildPhases = (
				1A7F096119FA0291000E9ECB /* Sources */,
				1A7F096219FA0291000E9ECB /* Frameworks */,
				1A7F096319FA0291000E9ECB /* Resources */,
			);
			buildRules = (
			);
			dependencies = (
			);
			name = LoadingKit;
			productName = TestPaintCodeStyleKit;
			productReference = 1A7F096519FA0291000E9ECB /* LoadingKit.app */;
			productType = "com.apple.product-type.application";
		};
		1A7F097D19FA0292000E9ECB /* LoadingKitTests */ = {
			isa = PBXNativeTarget;
			buildConfigurationList = 1A7F098B19FA0292000E9ECB /* Build configuration list for PBXNativeTarget "LoadingKitTests" */;
			buildPhases = (
				1A7F097A19FA0292000E9ECB /* Sources */,
				1A7F097B19FA0292000E9ECB /* Frameworks */,
				1A7F097C19FA0292000E9ECB /* Resources */,
			);
			buildRules = (
			);
			dependencies = (
				1A7F098019FA0292000E9ECB /* PBXTargetDependency */,
			);
			name = LoadingKitTests;
			productName = TestPaintCodeStyleKitTests;
			productReference = 1A7F097E19FA0292000E9ECB /* LoadingKitTests.xctest */;
			productType = "com.apple.product-type.bundle.unit-test";
		};
/* End PBXNativeTarget section */

/* Begin PBXProject section */
		1A7F095D19FA0291000E9ECB /* Project object */ = {
			isa = PBXProject;
			attributes = {
				LastUpgradeCheck = 0610;
				ORGANIZATIONNAME = "James Tang";
				TargetAttributes = {
					1A7F096419FA0291000E9ECB = {
						CreatedOnToolsVersion = 6.1;
					};
					1A7F097D19FA0292000E9ECB = {
						CreatedOnToolsVersion = 6.1;
						TestTargetID = 1A7F096419FA0291000E9ECB;
					};
				};
			};
			buildConfigurationList = 1A7F096019FA0291000E9ECB /* Build configuration list for PBXProject "LoadingKit" */;
			compatibilityVersion = "Xcode 3.2";
			developmentRegion = English;
			hasScannedForEncodings = 0;
			knownRegions = (
				en,
				Base,
			);
			mainGroup = 1A7F095C19FA0291000E9ECB;
			productRefGroup = 1A7F096619FA0291000E9ECB /* Products */;
			projectDirPath = "";
			projectRoot = "";
			targets = (
				1A7F096419FA0291000E9ECB /* LoadingKit */,
				1A7F097D19FA0292000E9ECB /* LoadingKitTests */,
			);
		};
/* End PBXProject section */

/* Begin PBXResourcesBuildPhase section */
		1A7F096319FA0291000E9ECB /* Resources */ = {
			isa = PBXResourcesBuildPhase;
			buildActionMask = 2147483647;
			files = (
				1A7F097419FA0292000E9ECB /* Main.storyboard in Resources */,
				1A7F097919FA0292000E9ECB /* LaunchScreen.xib in Resources */,
				1A7F097619FA0292000E9ECB /* Images.xcassets in Resources */,
			);
			runOnlyForDeploymentPostprocessing = 0;
		};
		1A7F097C19FA0292000E9ECB /* Resources */ = {
			isa = PBXResourcesBuildPhase;
			buildActionMask = 2147483647;
			files = (
			);
			runOnlyForDeploymentPostprocessing = 0;
		};
/* End PBXResourcesBuildPhase section */

/* Begin PBXSourcesBuildPhase section */
		1A7F096119FA0291000E9ECB /* Sources */ = {
			isa = PBXSourcesBuildPhase;
			buildActionMask = 2147483647;
			files = (
				1A7F097119FA0292000E9ECB /* ViewController.m in Sources */,
				1A7F096E19FA0291000E9ECB /* AppDelegate.m in Sources */,
				1A7F096B19FA0291000E9ECB /* main.m in Sources */,
				1A7F099C19FA21A9000E9ECB /* LoadingKit.m in Sources */,
				1A7F099419FA02F8000E9ECB /* LoadingView.swift in Sources */,
			);
			runOnlyForDeploymentPostprocessing = 0;
		};
		1A7F097A19FA0292000E9ECB /* Sources */ = {
			isa = PBXSourcesBuildPhase;
			buildActionMask = 2147483647;
			files = (
				1A7F098519FA0292000E9ECB /* LoadingKitTests.m in Sources */,
			);
			runOnlyForDeploymentPostprocessing = 0;
		};
/* End PBXSourcesBuildPhase section */

/* Begin PBXTargetDependency section */
		1A7F098019FA0292000E9ECB /* PBXTargetDependency */ = {
			isa = PBXTargetDependency;
			target = 1A7F096419FA0291000E9ECB /* LoadingKit */;
			targetProxy = 1A7F097F19FA0292000E9ECB /* PBXContainerItemProxy */;
		};
/* End PBXTargetDependency section */

/* Begin PBXVariantGroup section */
		1A7F097219FA0292000E9ECB /* Main.storyboard */ = {
			isa = PBXVariantGroup;
			children = (
				1A7F097319FA0292000E9ECB /* Base */,
			);
			name = Main.storyboard;
			sourceTree = "<group>";
		};
		1A7F097719FA0292000E9ECB /* LaunchScreen.xib */ = {
			isa = PBXVariantGroup;
			children = (
				1A7F097819FA0292000E9ECB /* Base */,
			);
			name = LaunchScreen.xib;
			sourceTree = "<group>";
		};
/* End PBXVariantGroup section */

/* Begin XCBuildConfiguration section */
		1A7F098619FA0292000E9ECB /* Debug */ = {
			isa = XCBuildConfiguration;
			buildSettings = {
				ALWAYS_SEARCH_USER_PATHS = NO;
				CLANG_CXX_LANGUAGE_STANDARD = "gnu++0x";
				CLANG_CXX_LIBRARY = "libc++";
				CLANG_ENABLE_MODULES = YES;
				CLANG_ENABLE_OBJC_ARC = YES;
				CLANG_WARN_BOOL_CONVERSION = YES;
				CLANG_WARN_CONSTANT_CONVERSION = YES;
				CLANG_WARN_DIRECT_OBJC_ISA_USAGE = YES_ERROR;
				CLANG_WARN_EMPTY_BODY = YES;
				CLANG_WARN_ENUM_CONVERSION = YES;
				CLANG_WARN_INT_CONVERSION = YES;
				CLANG_WARN_OBJC_ROOT_CLASS = YES_ERROR;
				CLANG_WARN_UNREACHABLE_CODE = YES;
				CLANG_WARN__DUPLICATE_METHOD_MATCH = YES;
				"CODE_SIGN_IDENTITY[sdk=iphoneos*]" = "iPhone Developer";
				COPY_PHASE_STRIP = NO;
				ENABLE_STRICT_OBJC_MSGSEND = YES;
				GCC_C_LANGUAGE_STANDARD = gnu99;
				GCC_DYNAMIC_NO_PIC = NO;
				GCC_OPTIMIZATION_LEVEL = 0;
				GCC_PREPROCESSOR_DEFINITIONS = (
					"DEBUG=1",
					"$(inherited)",
				);
				GCC_SYMBOLS_PRIVATE_EXTERN = NO;
				GCC_WARN_64_TO_32_BIT_CONVERSION = YES;
				GCC_WARN_ABOUT_RETURN_TYPE = YES_ERROR;
				GCC_WARN_UNDECLARED_SELECTOR = YES;
				GCC_WARN_UNINITIALIZED_AUTOS = YES_AGGRESSIVE;
				GCC_WARN_UNUSED_FUNCTION = YES;
				GCC_WARN_UNUSED_VARIABLE = YES;
				IPHONEOS_DEPLOYMENT_TARGET = 8.1;
				MTL_ENABLE_DEBUG_INFO = YES;
				ONLY_ACTIVE_ARCH = YES;
				SDKROOT = iphoneos;
				TARGETED_DEVICE_FAMILY = "1,2";
			};
			name = Debug;
		};
		1A7F098719FA0292000E9ECB /* Release */ = {
			isa = XCBuildConfiguration;
			buildSettings = {
				ALWAYS_SEARCH_USER_PATHS = NO;
				CLANG_CXX_LANGUAGE_STANDARD = "gnu++0x";
				CLANG_CXX_LIBRARY = "libc++";
				CLANG_ENABLE_MODULES = YES;
				CLANG_ENABLE_OBJC_ARC = YES;
				CLANG_WARN_BOOL_CONVERSION = YES;
				CLANG_WARN_CONSTANT_CONVERSION = YES;
				CLANG_WARN_DIRECT_OBJC_ISA_USAGE = YES_ERROR;
				CLANG_WARN_EMPTY_BODY = YES;
				CLANG_WARN_ENUM_CONVERSION = YES;
				CLANG_WARN_INT_CONVERSION = YES;
				CLANG_WARN_OBJC_ROOT_CLASS = YES_ERROR;
				CLANG_WARN_UNREACHABLE_CODE = YES;
				CLANG_WARN__DUPLICATE_METHOD_MATCH = YES;
				"CODE_SIGN_IDENTITY[sdk=iphoneos*]" = "iPhone Developer";
				COPY_PHASE_STRIP = YES;
				ENABLE_NS_ASSERTIONS = NO;
				ENABLE_STRICT_OBJC_MSGSEND = YES;
				GCC_C_LANGUAGE_STANDARD = gnu99;
				GCC_WARN_64_TO_32_BIT_CONVERSION = YES;
				GCC_WARN_ABOUT_RETURN_TYPE = YES_ERROR;
				GCC_WARN_UNDECLARED_SELECTOR = YES;
				GCC_WARN_UNINITIALIZED_AUTOS = YES_AGGRESSIVE;
				GCC_WARN_UNUSED_FUNCTION = YES;
				GCC_WARN_UNUSED_VARIABLE = YES;
				IPHONEOS_DEPLOYMENT_TARGET = 8.1;
				MTL_ENABLE_DEBUG_INFO = NO;
				SDKROOT = iphoneos;
				TARGETED_DEVICE_FAMILY = "1,2";
				VALIDATE_PRODUCT = YES;
			};
			name = Release;
		};
		1A7F098919FA0292000E9ECB /* Debug */ = {
			isa = XCBuildConfiguration;
			buildSettings = {
				ASSETCATALOG_COMPILER_APPICON_NAME = AppIcon;
				CLANG_ENABLE_MODULES = YES;
				INFOPLIST_FILE = LoadingKit/Info.plist;
				IPHONEOS_DEPLOYMENT_TARGET = 7.0;
				LD_RUNPATH_SEARCH_PATHS = "$(inherited) @executable_path/Frameworks";
				PRODUCT_NAME = LoadingKit;
				SWIFT_OBJC_BRIDGING_HEADER = "LoadingKit/LoadingKit-Bridging-Header.h";
				SWIFT_OPTIMIZATION_LEVEL = "-Onone";
			};
			name = Debug;
		};
		1A7F098A19FA0292000E9ECB /* Release */ = {
			isa = XCBuildConfiguration;
			buildSettings = {
				ASSETCATALOG_COMPILER_APPICON_NAME = AppIcon;
				CLANG_ENABLE_MODULES = YES;
				INFOPLIST_FILE = LoadingKit/Info.plist;
				IPHONEOS_DEPLOYMENT_TARGET = 7.0;
				LD_RUNPATH_SEARCH_PATHS = "$(inherited) @executable_path/Frameworks";
				PRODUCT_NAME = LoadingKit;
				SWIFT_OBJC_BRIDGING_HEADER = "LoadingKit/LoadingKit-Bridging-Header.h";
			};
			name = Release;
		};
		1A7F098C19FA0292000E9ECB /* Debug */ = {
			isa = XCBuildConfiguration;
			buildSettings = {
				BUNDLE_LOADER = "$(TEST_HOST)";
				FRAMEWORK_SEARCH_PATHS = (
					"$(SDKROOT)/Developer/Library/Frameworks",
					"$(inherited)",
				);
				GCC_PREPROCESSOR_DEFINITIONS = (
					"DEBUG=1",
					"$(inherited)",
				);
				INFOPLIST_FILE = LoadingKitTests/Info.plist;
				LD_RUNPATH_SEARCH_PATHS = "$(inherited) @executable_path/Frameworks @loader_path/Frameworks";
				PRODUCT_NAME = LoadingKitTests;
				TEST_HOST = "$(BUILT_PRODUCTS_DIR)/LoadingKit.app/LoadingKit";
			};
			name = Debug;
		};
		1A7F098D19FA0292000E9ECB /* Release */ = {
			isa = XCBuildConfiguration;
			buildSettings = {
				BUNDLE_LOADER = "$(TEST_HOST)";
				FRAMEWORK_SEARCH_PATHS = (
					"$(SDKROOT)/Developer/Library/Frameworks",
					"$(inherited)",
				);
				INFOPLIST_FILE = LoadingKitTests/Info.plist;
				LD_RUNPATH_SEARCH_PATHS = "$(inherited) @executable_path/Frameworks @loader_path/Frameworks";
				PRODUCT_NAME = LoadingKitTests;
				TEST_HOST = "$(BUILT_PRODUCTS_DIR)/LoadingKit.app/LoadingKit";
			};
			name = Release;
		};
/* End XCBuildConfiguration section */

/* Begin XCConfigurationList section */
		1A7F096019FA0291000E9ECB /* Build configuration list for PBXProject "LoadingKit" */ = {
			isa = XCConfigurationList;
			buildConfigurations = (
				1A7F098619FA0292000E9ECB /* Debug */,
				1A7F098719FA0292000E9ECB /* Release */,
			);
			defaultConfigurationIsVisible = 0;
			defaultConfigurationName = Release;
		};
		1A7F098819FA0292000E9ECB /* Build configuration list for PBXNativeTarget "LoadingKit" */ = {
			isa = XCConfigurationList;
			buildConfigurations = (
				1A7F098919FA0292000E9ECB /* Debug */,
				1A7F098A19FA0292000E9ECB /* Release */,
			);
			defaultConfigurationIsVisible = 0;
			defaultConfigurationName = Release;
		};
		1A7F098B19FA0292000E9ECB /* Build configuration list for PBXNativeTarget "LoadingKitTests" */ = {
			isa = XCConfigurationList;
			buildConfigurations = (
				1A7F098C19FA0292000E9ECB /* Debug */,
				1A7F098D19FA0292000E9ECB /* Release */,
			);
			defaultConfigurationIsVisible = 0;
			defaultConfigurationName = Release;
		};
/* End XCConfigurationList section */
	};
	rootObject = 1A7F095D19FA0291000E9ECB /* Project object */;
}
